Microsoft Visual Studio Solution File, Format Version 12.00
# Visual Studio Version 17
VisualStudioVersion = 17.5.2.0
MinimumVisualStudioVersion = 10.0.40219.1
Project("{FAE04EC0-301F-11D3-BF4B-00C04F79EFBC}") = "GestionReserva", "GestionReserva.csproj", "{1D02FBD0-1610-2D5C-EB7F-055C55085335}"
EndProject
Global
	GlobalSection(SolutionConfigurationPlatforms) = preSolution
		Debug|Any CPU = Debug|Any CPU
		Release|Any CPU = Release|Any CPU
	EndGlobalSection
	GlobalSection(ProjectConfigurationPlatforms) = postSolution
		{1D02FBD0-1610-2D5C-EB7F-055C55085335}.Debug|Any CPU.ActiveCfg = Debug|Any CPU
		{1D02FBD0-1610-2D5C-EB7F-055C55085335}.Debug|Any CPU.Build.0 = Debug|Any CPU
		{1D02FBD0-1610-2D5C-EB7F-055C55085335}.Release|Any CPU.ActiveCfg = Release|Any CPU
		{1D02FBD0-1610-2D5C-EB7F-055C55085335}.Release|Any CPU.Build.0 = Release|Any CPU
	EndGlobalSection
	GlobalSection(SolutionProperties) = preSolution
		HideSolutionNode = FALSE
	EndGlobalSection
	GlobalSection(ExtensibilityGlobals) = postSolution
		SolutionGuid = {F2863C58-4933-4992-8949-DD62529B3B30}
	EndGlobalSection
EndGlobal
